
Microsoft Visual Studio Solution File, Format Version 12.00
# Visual Studio Version 17
VisualStudioVersion = 17.0.31903.59
MinimumVisualStudioVersion = 10.0.40219.1
Project("{FAE04EC0-301F-11D3-BF4B-00C04F79EFBC}") = "OmegaPrime", "src\OmegaPrime.csproj", "{ABC912BD-CCE5-4304-9CF1-6581FEC6CAFF}"
EndProject
Project("{FAE04EC0-301F-11D3-BF4B-00C04F79EFBC}") = "OmegaPrime.Tests", "tests\OmegaPrime.Tests.csproj", "{397BF9D3-4C43-49C9-8A06-BF3AC5C54880}"
EndProject
Global
	GlobalSection(SolutionConfigurationPlatforms) = preSolution
		Debug|Any CPU = Debug|Any CPU
		Release|Any CPU = Release|Any CPU
	EndGlobalSection
	GlobalSection(SolutionProperties) = preSolution
		HideSolutionNode = FALSE
	EndGlobalSection
	GlobalSection(ProjectConfigurationPlatforms) = postSolution
		{ABC912BD-CCE5-4304-9CF1-6581FEC6CAFF}.Debug|Any CPU.ActiveCfg = Debug|Any CPU
		{ABC912BD-CCE5-4304-9CF1-6581FEC6CAFF}.Debug|Any CPU.Build.0 = Debug|Any CPU
		{ABC912BD-CCE5-4304-9CF1-6581FEC6CAFF}.Release|Any CPU.ActiveCfg = Release|Any CPU
		{ABC912BD-CCE5-4304-9CF1-6581FEC6CAFF}.Release|Any CPU.Build.0 = Release|Any CPU
		{397BF9D3-4C43-49C9-8A06-BF3AC5C54880}.Debug|Any CPU.ActiveCfg = Debug|Any CPU
		{397BF9D3-4C43-49C9-8A06-BF3AC5C54880}.Debug|Any CPU.Build.0 = Debug|Any CPU
		{397BF9D3-4C43-49C9-8A06-BF3AC5C54880}.Release|Any CPU.ActiveCfg = Release|Any CPU
		{397BF9D3-4C43-49C9-8A06-BF3AC5C54880}.Release|Any CPU.Build.0 = Release|Any CPU
	EndGlobalSection
EndGlobal
